
Microsoft Visual Studio Solution File, Format Version 12.00
# Visual Studio Version 16
VisualStudioVersion = 16.0.31019.35
MinimumVisualStudioVersion = 10.0.40219.1
Project("{FAE04EC0-301F-11D3-BF4B-00C04F79EFBC}") = "EngineRev", "EngineRev\EngineRev.csproj", "{221CFDE8-F90B-4427-87BF-0822A43C40BC}"
EndProject
Global
	GlobalSection(SolutionConfigurationPlatforms) = preSolution
		Debug|Any CPU = Debug|Any CPU
		Release|Any CPU = Release|Any CPU
	EndGlobalSection
	GlobalSection(ProjectConfigurationPlatforms) = postSolution
		{221CFDE8-F90B-4427-87BF-0822A43C40BC}.Debug|Any CPU.ActiveCfg = Debug|Any CPU
		{221CFDE8-F90B-4427-87BF-0822A43C40BC}.Debug|Any CPU.Build.0 = Debug|Any CPU
		{221CFDE8-F90B-4427-87BF-0822A43C40BC}.Release|Any CPU.ActiveCfg = Release|Any CPU
		{221CFDE8-F90B-4427-87BF-0822A43C40BC}.Release|Any CPU.Build.0 = Release|Any CPU
	EndGlobalSection
	GlobalSection(SolutionProperties) = preSolution
		HideSolutionNode = FALSE
	EndGlobalSection
	GlobalSection(ExtensibilityGlobals) = postSolution
		SolutionGuid = {B1AAAC9A-3B56-4724-843D-032911A45580}
	EndGlobalSection
EndGlobal
